
Microsoft Visual Studio Solution File, Format Version 12.00
# Visual Studio Version 17
VisualStudioVersion = 17.0.31919.166
MinimumVisualStudioVersion = 10.0.40219.1
Project("{9A19103F-16F7-4668-BE54-9A1E7A4F7556}") = "DotNetTraining-Assignments-Session1", "NessTraining-Assignments-Session1\DotNetTraining-Assignments-Session1.csproj", "{50DF2B87-2F3F-41F5-8904-B0748056942E}"
EndProject
Project("{9A19103F-16F7-4668-BE54-9A1E7A4F7556}") = "DotNetTraining-Assignments-Session2", "DotNetTraining-Assignments-Session2\DotNetTraining-Assignments-Session2.csproj", "{57B51094-362B-47FD-B8D8-3B0D6535169B}"
EndProject
Project("{9A19103F-16F7-4668-BE54-9A1E7A4F7556}") = "DotNetTraining-Assignments2", "DotNetTraining-Assignments2\DotNetTraining-Assignments2.csproj", "{EB3655C3-632D-483A-92B8-1183C64F2B98}"
EndProject
Project("{9A19103F-16F7-4668-BE54-9A1E7A4F7556}") = "DotNetTraining-Assignments3", "DotNetTraining-Assignments3\DotNetTraining-Assignments3.csproj", "{0D0801E6-E815-4089-A385-059C06D32EEA}"
EndProject
Project("{FAE04EC0-301F-11D3-BF4B-00C04F79EFBC}") = "DotNetTraining-Assignments4", "DotNetTraining-Assignments4\DotNetTraining-Assignments4.csproj", "{27368A6C-2619-430E-8EE9-012362085C1F}"
EndProject
Global
	GlobalSection(SolutionConfigurationPlatforms) = preSolution
		Debug|Any CPU = Debug|Any CPU
		Release|Any CPU = Release|Any CPU
	EndGlobalSection
	GlobalSection(ProjectConfigurationPlatforms) = postSolution
		{50DF2B87-2F3F-41F5-8904-B0748056942E}.Debug|Any CPU.ActiveCfg = Debug|Any CPU
		{50DF2B87-2F3F-41F5-8904-B0748056942E}.Debug|Any CPU.Build.0 = Debug|Any CPU
		{50DF2B87-2F3F-41F5-8904-B0748056942E}.Release|Any CPU.ActiveCfg = Release|Any CPU
		{50DF2B87-2F3F-41F5-8904-B0748056942E}.Release|Any CPU.Build.0 = Release|Any CPU
		{57B51094-362B-47FD-B8D8-3B0D6535169B}.Debug|Any CPU.ActiveCfg = Debug|Any CPU
		{57B51094-362B-47FD-B8D8-3B0D6535169B}.Debug|Any CPU.Build.0 = Debug|Any CPU
		{57B51094-362B-47FD-B8D8-3B0D6535169B}.Release|Any CPU.ActiveCfg = Release|Any CPU
		{57B51094-362B-47FD-B8D8-3B0D6535169B}.Release|Any CPU.Build.0 = Release|Any CPU
		{EB3655C3-632D-483A-92B8-1183C64F2B98}.Debug|Any CPU.ActiveCfg = Debug|Any CPU
		{EB3655C3-632D-483A-92B8-1183C64F2B98}.Debug|Any CPU.Build.0 = Debug|Any CPU
		{EB3655C3-632D-483A-92B8-1183C64F2B98}.Release|Any CPU.ActiveCfg = Release|Any CPU
		{EB3655C3-632D-483A-92B8-1183C64F2B98}.Release|Any CPU.Build.0 = Release|Any CPU
		{0D0801E6-E815-4089-A385-059C06D32EEA}.Debug|Any CPU.ActiveCfg = Debug|Any CPU
		{0D0801E6-E815-4089-A385-059C06D32EEA}.Debug|Any CPU.Build.0 = Debug|Any CPU
		{0D0801E6-E815-4089-A385-059C06D32EEA}.Release|Any CPU.ActiveCfg = Release|Any CPU
		{0D0801E6-E815-4089-A385-059C06D32EEA}.Release|Any CPU.Build.0 = Release|Any CPU
		{27368A6C-2619-430E-8EE9-012362085C1F}.Debug|Any CPU.ActiveCfg = Debug|Any CPU
		{27368A6C-2619-430E-8EE9-012362085C1F}.Debug|Any CPU.Build.0 = Debug|Any CPU
		{27368A6C-2619-430E-8EE9-012362085C1F}.Release|Any CPU.ActiveCfg = Release|Any CPU
		{27368A6C-2619-430E-8EE9-012362085C1F}.Release|Any CPU.Build.0 = Release|Any CPU
	EndGlobalSection
	GlobalSection(SolutionProperties) = preSolution
		HideSolutionNode = FALSE
	EndGlobalSection
	GlobalSection(ExtensibilityGlobals) = postSolution
		SolutionGuid = {AB946B45-54BF-426D-8ECE-D058E7B6E16E}
	EndGlobalSection
EndGlobal
